
Microsoft Visual Studio Solution File, Format Version 12.00
# Visual Studio 15
VisualStudioVersion = 15.0.28307.168
MinimumVisualStudioVersion = 10.0.40219.1
Project("{9A19103F-16F7-4668-BE54-9A1E7A4F7556}") = "SlidingWindow", "SlidingWindow\SlidingWindow.csproj", "{66535053-B135-48AF-807B-793E0901008D}"
EndProject
Project("{9A19103F-16F7-4668-BE54-9A1E7A4F7556}") = "Test.Bytes", "Test.Bytes\Test.Bytes.csproj", "{3995CDD1-0C64-427B-BDCE-703758E1A93B}"
EndProject
Project("{FAE04EC0-301F-11D3-BF4B-00C04F79EFBC}") = "Test.Streams", "Test.Streams\Test.Streams.csproj", "{5B923BE4-98EA-4B14-89C7-B7DC755F1273}"
EndProject
Global
	GlobalSection(SolutionConfigurationPlatforms) = preSolution
		Debug|Any CPU = Debug|Any CPU
		Release|Any CPU = Release|Any CPU
	EndGlobalSection
	GlobalSection(ProjectConfigurationPlatforms) = postSolution
		{66535053-B135-48AF-807B-793E0901008D}.Debug|Any CPU.ActiveCfg = Debug|Any CPU
		{66535053-B135-48AF-807B-793E0901008D}.Debug|Any CPU.Build.0 = Debug|Any CPU
		{66535053-B135-48AF-807B-793E0901008D}.Release|Any CPU.ActiveCfg = Release|Any CPU
		{66535053-B135-48AF-807B-793E0901008D}.Release|Any CPU.Build.0 = Release|Any CPU
		{3995CDD1-0C64-427B-BDCE-703758E1A93B}.Debug|Any CPU.ActiveCfg = Debug|Any CPU
		{3995CDD1-0C64-427B-BDCE-703758E1A93B}.Debug|Any CPU.Build.0 = Debug|Any CPU
		{3995CDD1-0C64-427B-BDCE-703758E1A93B}.Release|Any CPU.ActiveCfg = Release|Any CPU
		{3995CDD1-0C64-427B-BDCE-703758E1A93B}.Release|Any CPU.Build.0 = Release|Any CPU
		{5B923BE4-98EA-4B14-89C7-B7DC755F1273}.Debug|Any CPU.ActiveCfg = Debug|Any CPU
		{5B923BE4-98EA-4B14-89C7-B7DC755F1273}.Debug|Any CPU.Build.0 = Debug|Any CPU
		{5B923BE4-98EA-4B14-89C7-B7DC755F1273}.Release|Any CPU.ActiveCfg = Release|Any CPU
		{5B923BE4-98EA-4B14-89C7-B7DC755F1273}.Release|Any CPU.Build.0 = Release|Any CPU
	EndGlobalSection
	GlobalSection(SolutionProperties) = preSolution
		HideSolutionNode = FALSE
	EndGlobalSection
	GlobalSection(ExtensibilityGlobals) = postSolution
		SolutionGuid = {A7EE0629-DB8C-4DE1-ACF9-3E680A6BDE46}
	EndGlobalSection
EndGlobal
